
Microsoft Visual Studio Solution File, Format Version 12.00
# Visual Studio Version 16
VisualStudioVersion = 16.0.31005.135
MinimumVisualStudioVersion = 10.0.40219.1
Project("{FAE04EC0-301F-11D3-BF4B-00C04F79EFBC}") = "BlazorBattles.Server", "BlazorBattles\Server\BlazorBattles.Server.csproj", "{3BFE8C34-7F5C-4B10-94DC-024322C5A525}"
EndProject
Project("{FAE04EC0-301F-11D3-BF4B-00C04F79EFBC}") = "BlazorBattles.Client", "BlazorBattles\Client\BlazorBattles.Client.csproj", "{CEA256E8-C818-4518-9C28-D00A9FD14FBC}"
EndProject
Project("{FAE04EC0-301F-11D3-BF4B-00C04F79EFBC}") = "BlazorBattles.Shared", "BlazorBattles\Shared\BlazorBattles.Shared.csproj", "{4C03D247-91FC-4A5E-8E4C-05A3FE3361D5}"
EndProject
Global
	GlobalSection(SolutionConfigurationPlatforms) = preSolution
		Debug|Any CPU = Debug|Any CPU
		Release|Any CPU = Release|Any CPU
	EndGlobalSection
	GlobalSection(ProjectConfigurationPlatforms) = postSolution
		{3BFE8C34-7F5C-4B10-94DC-024322C5A525}.Debug|Any CPU.ActiveCfg = Debug|Any CPU
		{3BFE8C34-7F5C-4B10-94DC-024322C5A525}.Debug|Any CPU.Build.0 = Debug|Any CPU
		{3BFE8C34-7F5C-4B10-94DC-024322C5A525}.Release|Any CPU.ActiveCfg = Release|Any CPU
		{3BFE8C34-7F5C-4B10-94DC-024322C5A525}.Release|Any CPU.Build.0 = Release|Any CPU
		{CEA256E8-C818-4518-9C28-D00A9FD14FBC}.Debug|Any CPU.ActiveCfg = Debug|Any CPU
		{CEA256E8-C818-4518-9C28-D00A9FD14FBC}.Debug|Any CPU.Build.0 = Debug|Any CPU
		{CEA256E8-C818-4518-9C28-D00A9FD14FBC}.Release|Any CPU.ActiveCfg = Release|Any CPU
		{CEA256E8-C818-4518-9C28-D00A9FD14FBC}.Release|Any CPU.Build.0 = Release|Any CPU
		{4C03D247-91FC-4A5E-8E4C-05A3FE3361D5}.Debug|Any CPU.ActiveCfg = Debug|Any CPU
		{4C03D247-91FC-4A5E-8E4C-05A3FE3361D5}.Debug|Any CPU.Build.0 = Debug|Any CPU
		{4C03D247-91FC-4A5E-8E4C-05A3FE3361D5}.Release|Any CPU.ActiveCfg = Release|Any CPU
		{4C03D247-91FC-4A5E-8E4C-05A3FE3361D5}.Release|Any CPU.Build.0 = Release|Any CPU
	EndGlobalSection
	GlobalSection(SolutionProperties) = preSolution
		HideSolutionNode = FALSE
	EndGlobalSection
	GlobalSection(ExtensibilityGlobals) = postSolution
		SolutionGuid = {FE3C25B7-FD8F-4B49-B621-82A970693638}
	EndGlobalSection
EndGlobal
